
Microsoft Visual Studio Solution File, Format Version 12.00
# Visual Studio Version 16
VisualStudioVersion = 16.0.30225.117
MinimumVisualStudioVersion = 10.0.40219.1
Project("{9A19103F-16F7-4668-BE54-9A1E7A4F7556}") = "Sample.InputKit", "Sample.InputKit\Sample.InputKit\Sample.InputKit.csproj", "{297E5473-62A3-47B9-98DA-C409435A794C}"
EndProject
Project("{FAE04EC0-301F-11D3-BF4B-00C04F79EFBC}") = "Sample.InputKit.iOS", "Sample.InputKit\Sample.InputKit.iOS\Sample.InputKit.iOS.csproj", "{06236AEA-E5E5-4B21-A0CA-BFD471850EFC}"
EndProject
Project("{FAE04EC0-301F-11D3-BF4B-00C04F79EFBC}") = "Sample.InputKit.Android", "Sample.InputKit\Sample.InputKit.Android\Sample.InputKit.Android.csproj", "{BB4B11C4-B014-4D02-A014-5A29F694A392}"
EndProject
Project("{9A19103F-16F7-4668-BE54-9A1E7A4F7556}") = "InputKit", "InputKit\InputKit.csproj", "{7572F04C-6DC8-4D26-BB3F-F2DAF8C83EBB}"
EndProject
Global
	GlobalSection(SolutionConfigurationPlatforms) = preSolution
		Ad-Hoc|Any CPU = Ad-Hoc|Any CPU
		Ad-Hoc|ARM = Ad-Hoc|ARM
		Ad-Hoc|iPhone = Ad-Hoc|iPhone
		Ad-Hoc|iPhoneSimulator = Ad-Hoc|iPhoneSimulator
		Ad-Hoc|x64 = Ad-Hoc|x64
		Ad-Hoc|x86 = Ad-Hoc|x86
		AppStore|Any CPU = AppStore|Any CPU
		AppStore|ARM = AppStore|ARM
		AppStore|iPhone = AppStore|iPhone
		AppStore|iPhoneSimulator = AppStore|iPhoneSimulator
		AppStore|x64 = AppStore|x64
		AppStore|x86 = AppStore|x86
		Debug|Any CPU = Debug|Any CPU
		Debug|ARM = Debug|ARM
		Debug|iPhone = Debug|iPhone
		Debug|iPhoneSimulator = Debug|iPhoneSimulator
		Debug|x64 = Debug|x64
		Debug|x86 = Debug|x86
		Release|Any CPU = Release|Any CPU
		Release|ARM = Release|ARM
		Release|iPhone = Release|iPhone
		Release|iPhoneSimulator = Release|iPhoneSimulator
		Release|x64 = Release|x64
		Release|x86 = Release|x86
	EndGlobalSection
	GlobalSection(ProjectConfigurationPlatforms) = postSolution
		{297E5473-62A3-47B9-98DA-C409435A794C}.Ad-Hoc|Any CPU.ActiveCfg = Debug|Any CPU
		{297E5473-62A3-47B9-98DA-C409435A794C}.Ad-Hoc|Any CPU.Build.0 = Debug|Any CPU
		{297E5473-62A3-47B9-98DA-C409435A794C}.Ad-Hoc|ARM.ActiveCfg = Debug|Any CPU
		{297E5473-62A3-47B9-98DA-C409435A794C}.Ad-Hoc|ARM.Build.0 = Debug|Any CPU
		{297E5473-62A3-47B9-98DA-C409435A794C}.Ad-Hoc|iPhone.ActiveCfg = Debug|Any CPU
		{297E5473-62A3-47B9-98DA-C409435A794C}.Ad-Hoc|iPhone.Build.0 = Debug|Any CPU
		{297E5473-62A3-47B9-98DA-C409435A794C}.Ad-Hoc|iPhoneSimulator.ActiveCfg = Debug|Any CPU
		{297E5473-62A3-47B9-98DA-C409435A794C}.Ad-Hoc|iPhoneSimulator.Build.0 = Debug|Any CPU
		{297E5473-62A3-47B9-98DA-C409435A794C}.Ad-Hoc|x64.ActiveCfg = Debug|Any CPU
		{297E5473-62A3-47B9-98DA-C409435A794C}.Ad-Hoc|x64.Build.0 = Debug|Any CPU
		{297E5473-62A3-47B9-98DA-C409435A794C}.Ad-Hoc|x86.ActiveCfg = Debug|Any CPU
		{297E5473-62A3-47B9-98DA-C409435A794C}.Ad-Hoc|x86.Build.0 = Debug|Any CPU
		{297E5473-62A3-47B9-98DA-C409435A794C}.AppStore|Any CPU.ActiveCfg = Debug|Any CPU
		{297E5473-62A3-47B9-98DA-C409435A794C}.AppStore|Any CPU.Build.0 = Debug|Any CPU
		{297E5473-62A3-47B9-98DA-C409435A794C}.AppStore|ARM.ActiveCfg = Debug|Any CPU
		{297E5473-62A3-47B9-98DA-C409435A794C}.AppStore|ARM.Build.0 = Debug|Any CPU
		{297E5473-62A3-47B9-98DA-C409435A794C}.AppStore|iPhone.ActiveCfg = Debug|Any CPU
		{297E5473-62A3-47B9-98DA-C409435A794C}.AppStore|iPhone.Build.0 = Debug|Any CPU
		{297E5473-62A3-47B9-98DA-C409435A794C}.AppStore|iPhoneSimulator.ActiveCfg = Debug|Any CPU
		{297E5473-62A3-47B9-98DA-C409435A794C}.AppStore|iPhoneSimulator.Build.0 = Debug|Any CPU
		{297E5473-62A3-47B9-98DA-C409435A794C}.AppStore|x64.ActiveCfg = Debug|Any CPU
		{297E5473-62A3-47B9-98DA-C409435A794C}.AppStore|x64.Build.0 = Debug|Any CPU
		{297E5473-62A3-47B9-98DA-C409435A794C}.AppStore|x86.ActiveCfg = Debug|Any CPU
		{297E5473-62A3-47B9-98DA-C409435A794C}.AppStore|x86.Build.0 = Debug|Any CPU
		{297E5473-62A3-47B9-98DA-C409435A794C}.Debug|Any CPU.ActiveCfg = Debug|Any CPU
		{297E5473-62A3-47B9-98DA-C409435A794C}.Debug|Any CPU.Build.0 = Debug|Any CPU
		{297E5473-62A3-47B9-98DA-C409435A794C}.Debug|ARM.ActiveCfg = Debug|Any CPU
		{297E5473-62A3-47B9-98DA-C409435A794C}.Debug|ARM.Build.0 = Debug|Any CPU
		{297E5473-62A3-47B9-98DA-C409435A794C}.Debug|iPhone.ActiveCfg = Debug|Any CPU
		{297E5473-62A3-47B9-98DA-C409435A794C}.Debug|iPhone.Build.0 = Debug|Any CPU
		{297E5473-62A3-47B9-98DA-C409435A794C}.Debug|iPhoneSimulator.ActiveCfg = Debug|Any CPU
		{297E5473-62A3-47B9-98DA-C409435A794C}.Debug|iPhoneSimulator.Build.0 = Debug|Any CPU
		{297E5473-62A3-47B9-98DA-C409435A794C}.Debug|x64.ActiveCfg = Debug|Any CPU
		{297E5473-62A3-47B9-98DA-C409435A794C}.Debug|x64.Build.0 = Debug|Any CPU
		{297E5473-62A3-47B9-98DA-C409435A794C}.Debug|x86.ActiveCfg = Debug|Any CPU
		{297E5473-62A3-47B9-98DA-C409435A794C}.Debug|x86.Build.0 = Debug|Any CPU
		{297E5473-62A3-47B9-98DA-C409435A794C}.Release|Any CPU.ActiveCfg = Release|Any CPU
		{297E5473-62A3-47B9-98DA-C409435A794C}.Release|Any CPU.Build.0 = Release|Any CPU
		{297E5473-62A3-47B9-98DA-C409435A794C}.Release|ARM.ActiveCfg = Release|Any CPU
		{297E5473-62A3-47B9-98DA-C409435A794C}.Release|ARM.Build.0 = Release|Any CPU
		{297E5473-62A3-47B9-98DA-C409435A794C}.Release|iPhone.ActiveCfg = Release|Any CPU
		{297E5473-62A3-47B9-98DA-C409435A794C}.Release|iPhone.Build.0 = Release|Any CPU
		{297E5473-62A3-47B9-98DA-C409435A794C}.Release|iPhoneSimulator.ActiveCfg = Release|Any CPU
		{297E5473-62A3-47B9-98DA-C409435A794C}.Release|iPhoneSimulator.Build.0 = Release|Any CPU
		{297E5473-62A3-47B9-98DA-C409435A794C}.Release|x64.ActiveCfg = Release|Any CPU
		{297E5473-62A3-47B9-98DA-C409435A794C}.Release|x64.Build.0 = Release|Any CPU
		{297E5473-62A3-47B9-98DA-C409435A794C}.Release|x86.ActiveCfg = Release|Any CPU
		{297E5473-62A3-47B9-98DA-C409435A794C}.Release|x86.Build.0 = Release|Any CPU
		{06236AEA-E5E5-4B21-A0CA-BFD471850EFC}.Ad-Hoc|Any CPU.ActiveCfg = Ad-Hoc|iPhone
		{06236AEA-E5E5-4B21-A0CA-BFD471850EFC}.Ad-Hoc|ARM.ActiveCfg = Ad-Hoc|iPhone
		{06236AEA-E5E5-4B21-A0CA-BFD471850EFC}.Ad-Hoc|iPhone.ActiveCfg = Ad-Hoc|iPhone
		{06236AEA-E5E5-4B21-A0CA-BFD471850EFC}.Ad-Hoc|iPhone.Build.0 = Ad-Hoc|iPhone
		{06236AEA-E5E5-4B21-A0CA-BFD471850EFC}.Ad-Hoc|iPhoneSimulator.ActiveCfg = Ad-Hoc|iPhoneSimulator
		{06236AEA-E5E5-4B21-A0CA-BFD471850EFC}.Ad-Hoc|iPhoneSimulator.Build.0 = Ad-Hoc|iPhoneSimulator
		{06236AEA-E5E5-4B21-A0CA-BFD471850EFC}.Ad-Hoc|x64.ActiveCfg = Ad-Hoc|iPhone
		{06236AEA-E5E5-4B21-A0CA-BFD471850EFC}.Ad-Hoc|x86.ActiveCfg = Ad-Hoc|iPhone
		{06236AEA-E5E5-4B21-A0CA-BFD471850EFC}.AppStore|Any CPU.ActiveCfg = AppStore|iPhone
		{06236AEA-E5E5-4B21-A0CA-BFD471850EFC}.AppStore|ARM.ActiveCfg = AppStore|iPhone
		{06236AEA-E5E5-4B21-A0CA-BFD471850EFC}.AppStore|iPhone.ActiveCfg = AppStore|iPhone
		{06236AEA-E5E5-4B21-A0CA-BFD471850EFC}.AppStore|iPhone.Build.0 = AppStore|iPhone
		{06236AEA-E5E5-4B21-A0CA-BFD471850EFC}.AppStore|iPhoneSimulator.ActiveCfg = AppStore|iPhoneSimulator
		{06236AEA-E5E5-4B21-A0CA-BFD471850EFC}.AppStore|iPhoneSimulator.Build.0 = AppStore|iPhoneSimulator
		{06236AEA-E5E5-4B21-A0CA-BFD471850EFC}.AppStore|x64.ActiveCfg = AppStore|iPhone
		{06236AEA-E5E5-4B21-A0CA-BFD471850EFC}.AppStore|x86.ActiveCfg = AppStore|iPhone
		{06236AEA-E5E5-4B21-A0CA-BFD471850EFC}.Debug|Any CPU.ActiveCfg = Debug|iPhone
		{06236AEA-E5E5-4B21-A0CA-BFD471850EFC}.Debug|ARM.ActiveCfg = Debug|iPhone
		{06236AEA-E5E5-4B21-A0CA-BFD471850EFC}.Debug|iPhone.ActiveCfg = Debug|iPhone
		{06236AEA-E5E5-4B21-A0CA-BFD471850EFC}.Debug|iPhone.Build.0 = Debug|iPhone
		{06236AEA-E5E5-4B21-A0CA-BFD471850EFC}.Debug|iPhoneSimulator.ActiveCfg = Debug|iPhoneSimulator
		{06236AEA-E5E5-4B21-A0CA-BFD471850EFC}.Debug|iPhoneSimulator.Build.0 = Debug|iPhoneSimulator
		{06236AEA-E5E5-4B21-A0CA-BFD471850EFC}.Debug|x64.ActiveCfg = Debug|iPhone
		{06236AEA-E5E5-4B21-A0CA-BFD471850EFC}.Debug|x86.ActiveCfg = Debug|iPhone
		{06236AEA-E5E5-4B21-A0CA-BFD471850EFC}.Release|Any CPU.ActiveCfg = Release|iPhone
		{06236AEA-E5E5-4B21-A0CA-BFD471850EFC}.Release|ARM.ActiveCfg = Release|iPhone
		{06236AEA-E5E5-4B21-A0CA-BFD471850EFC}.Release|iPhone.ActiveCfg = Release|iPhone
		{06236AEA-E5E5-4B21-A0CA-BFD471850EFC}.Release|iPhone.Build.0 = Release|iPhone
		{06236AEA-E5E5-4B21-A0CA-BFD471850EFC}.Release|iPhoneSimulator.ActiveCfg = Release|iPhoneSimulator
		{06236AEA-E5E5-4B21-A0CA-BFD471850EFC}.Release|iPhoneSimulator.Build.0 = Release|iPhoneSimulator
		{06236AEA-E5E5-4B21-A0CA-BFD471850EFC}.Release|x64.ActiveCfg = Release|iPhone
		{06236AEA-E5E5-4B21-A0CA-BFD471850EFC}.Release|x86.ActiveCfg = Release|iPhone
		{BB4B11C4-B014-4D02-A014-5A29F694A392}.Ad-Hoc|Any CPU.ActiveCfg = Release|Any CPU
		{BB4B11C4-B014-4D02-A014-5A29F694A392}.Ad-Hoc|Any CPU.Build.0 = Release|Any CPU
		{BB4B11C4-B014-4D02-A014-5A29F694A392}.Ad-Hoc|Any CPU.Deploy.0 = Release|Any CPU
		{BB4B11C4-B014-4D02-A014-5A29F694A392}.Ad-Hoc|ARM.ActiveCfg = Release|Any CPU
		{BB4B11C4-B014-4D02-A014-5A29F694A392}.Ad-Hoc|ARM.Build.0 = Release|Any CPU
		{BB4B11C4-B014-4D02-A014-5A29F694A392}.Ad-Hoc|ARM.Deploy.0 = Release|Any CPU
		{BB4B11C4-B014-4D02-A014-5A29F694A392}.Ad-Hoc|iPhone.ActiveCfg = Release|Any CPU
		{BB4B11C4-B014-4D02-A014-5A29F694A392}.Ad-Hoc|iPhone.Build.0 = Release|Any CPU
		{BB4B11C4-B014-4D02-A014-5A29F694A392}.Ad-Hoc|iPhone.Deploy.0 = Release|Any CPU
		{BB4B11C4-B014-4D02-A014-5A29F694A392}.Ad-Hoc|iPhoneSimulator.ActiveCfg = Release|Any CPU
		{BB4B11C4-B014-4D02-A014-5A29F694A392}.Ad-Hoc|iPhoneSimulator.Build.0 = Release|Any CPU
		{BB4B11C4-B014-4D02-A014-5A29F694A392}.Ad-Hoc|iPhoneSimulator.Deploy.0 = Release|Any CPU
		{BB4B11C4-B014-4D02-A014-5A29F694A392}.Ad-Hoc|x64.ActiveCfg = Release|Any CPU
		{BB4B11C4-B014-4D02-A014-5A29F694A392}.Ad-Hoc|x64.Build.0 = Release|Any CPU
		{BB4B11C4-B014-4D02-A014-5A29F694A392}.Ad-Hoc|x64.Deploy.0 = Release|Any CPU
		{BB4B11C4-B014-4D02-A014-5A29F694A392}.Ad-Hoc|x86.ActiveCfg = Release|Any CPU
		{BB4B11C4-B014-4D02-A014-5A29F694A392}.Ad-Hoc|x86.Build.0 = Release|Any CPU
		{BB4B11C4-B014-4D02-A014-5A29F694A392}.Ad-Hoc|x86.Deploy.0 = Release|Any CPU
		{BB4B11C4-B014-4D02-A014-5A29F694A392}.AppStore|Any CPU.ActiveCfg = Release|Any CPU
		{BB4B11C4-B014-4D02-A014-5A29F694A392}.AppStore|Any CPU.Build.0 = Release|Any CPU
		{BB4B11C4-B014-4D02-A014-5A29F694A392}.AppStore|Any CPU.Deploy.0 = Release|Any CPU
		{BB4B11C4-B014-4D02-A014-5A29F694A392}.AppStore|ARM.ActiveCfg = Release|Any CPU
		{BB4B11C4-B014-4D02-A014-5A29F694A392}.AppStore|ARM.Build.0 = Release|Any CPU
		{BB4B11C4-B014-4D02-A014-5A29F694A392}.AppStore|ARM.Deploy.0 = Release|Any CPU
		{BB4B11C4-B014-4D02-A014-5A29F694A392}.AppStore|iPhone.ActiveCfg = Release|Any CPU
		{BB4B11C4-B014-4D02-A014-5A29F694A392}.AppStore|iPhone.Build.0 = Release|Any CPU
		{BB4B11C4-B014-4D02-A014-5A29F694A392}.AppStore|iPhone.Deploy.0 = Release|Any CPU
		{BB4B11C4-B014-4D02-A014-5A29F694A392}.AppStore|iPhoneSimulator.ActiveCfg = Release|Any CPU
		{BB4B11C4-B014-4D02-A014-5A29F694A392}.AppStore|iPhoneSimulator.Build.0 = Release|Any CPU
		{BB4B11C4-B014-4D02-A014-5A29F694A392}.AppStore|iPhoneSimulator.Deploy.0 = Release|Any CPU
		{BB4B11C4-B014-4D02-A014-5A29F694A392}.AppStore|x64.ActiveCfg = Release|Any CPU
		{BB4B11C4-B014-4D02-A014-5A29F694A392}.AppStore|x64.Build.0 = Release|Any CPU
		{BB4B11C4-B014-4D02-A014-5A29F694A392}.AppStore|x64.Deploy.0 = Release|Any CPU
		{BB4B11C4-B014-4D02-A014-5A29F694A392}.AppStore|x86.ActiveCfg = Release|Any CPU
		{BB4B11C4-B014-4D02-A014-5A29F694A392}.AppStore|x86.Build.0 = Release|Any CPU
		{BB4B11C4-B014-4D02-A014-5A29F694A392}.AppStore|x86.Deploy.0 = Release|Any CPU
		{BB4B11C4-B014-4D02-A014-5A29F694A392}.Debug|Any CPU.ActiveCfg = Debug|Any CPU
		{BB4B11C4-B014-4D02-A014-5A29F694A392}.Debug|Any CPU.Build.0 = Debug|Any CPU
		{BB4B11C4-B014-4D02-A014-5A29F694A392}.Debug|Any CPU.Deploy.0 = Debug|Any CPU
		{BB4B11C4-B014-4D02-A014-5A29F694A392}.Debug|ARM.ActiveCfg = Debug|Any CPU
		{BB4B11C4-B014-4D02-A014-5A29F694A392}.Debug|ARM.Build.0 = Debug|Any CPU
		{BB4B11C4-B014-4D02-A014-5A29F694A392}.Debug|ARM.Deploy.0 = Debug|Any CPU
		{BB4B11C4-B014-4D02-A014-5A29F694A392}.Debug|iPhone.ActiveCfg = Debug|Any CPU
		{BB4B11C4-B014-4D02-A014-5A29F694A392}.Debug|iPhone.Build.0 = Debug|Any CPU
		{BB4B11C4-B014-4D02-A014-5A29F694A392}.Debug|iPhone.Deploy.0 = Debug|Any CPU
		{BB4B11C4-B014-4D02-A014-5A29F694A392}.Debug|iPhoneSimulator.ActiveCfg = Debug|Any CPU
		{BB4B11C4-B014-4D02-A014-5A29F694A392}.Debug|iPhoneSimulator.Build.0 = Debug|Any CPU
		{BB4B11C4-B014-4D02-A014-5A29F694A392}.Debug|iPhoneSimulator.Deploy.0 = Debug|Any CPU
		{BB4B11C4-B014-4D02-A014-5A29F694A392}.Debug|x64.ActiveCfg = Debug|Any CPU
		{BB4B11C4-B014-4D02-A014-5A29F694A392}.Debug|x64.Build.0 = Debug|Any CPU
		{BB4B11C4-B014-4D02-A014-5A29F694A392}.Debug|x64.Deploy.0 = Debug|Any CPU
		{BB4B11C4-B014-4D02-A014-5A29F694A392}.Debug|x86.ActiveCfg = Debug|Any CPU
		{BB4B11C4-B014-4D02-A014-5A29F694A392}.Debug|x86.Build.0 = Debug|Any CPU
		{BB4B11C4-B014-4D02-A014-5A29F694A392}.Debug|x86.Deploy.0 = Debug|Any CPU
		{BB4B11C4-B014-4D02-A014-5A29F694A392}.Release|Any CPU.ActiveCfg = Release|Any CPU
		{BB4B11C4-B014-4D02-A014-5A29F694A392}.Release|Any CPU.Build.0 = Release|Any CPU
		{BB4B11C4-B014-4D02-A014-5A29F694A392}.Release|Any CPU.Deploy.0 = Release|Any CPU
		{BB4B11C4-B014-4D02-A014-5A29F694A392}.Release|ARM.ActiveCfg = Release|Any CPU
		{BB4B11C4-B014-4D02-A014-5A29F694A392}.Release|ARM.Build.0 = Release|Any CPU
		{BB4B11C4-B014-4D02-A014-5A29F694A392}.Release|ARM.Deploy.0 = Release|Any CPU
		{BB4B11C4-B014-4D02-A014-5A29F694A392}.Release|iPhone.ActiveCfg = Release|Any CPU
		{BB4B11C4-B014-4D02-A014-5A29F694A392}.Release|iPhone.Build.0 = Release|Any CPU
		{BB4B11C4-B014-4D02-A014-5A29F694A392}.Release|iPhone.Deploy.0 = Release|Any CPU
		{BB4B11C4-B014-4D02-A014-5A29F694A392}.Release|iPhoneSimulator.ActiveCfg = Release|Any CPU
		{BB4B11C4-B014-4D02-A014-5A29F694A392}.Release|iPhoneSimulator.Build.0 = Release|Any CPU
		{BB4B11C4-B014-4D02-A014-5A29F694A392}.Release|iPhoneSimulator.Deploy.0 = Release|Any CPU
		{BB4B11C4-B014-4D02-A014-5A29F694A392}.Release|x64.ActiveCfg = Release|Any CPU
		{BB4B11C4-B014-4D02-A014-5A29F694A392}.Release|x64.Build.0 = Release|Any CPU
		{BB4B11C4-B014-4D02-A014-5A29F694A392}.Release|x64.Deploy.0 = Release|Any CPU
		{BB4B11C4-B014-4D02-A014-5A29F694A392}.Release|x86.ActiveCfg = Release|Any CPU
		{BB4B11C4-B014-4D02-A014-5A29F694A392}.Release|x86.Build.0 = Release|Any CPU
		{BB4B11C4-B014-4D02-A014-5A29F694A392}.Release|x86.Deploy.0 = Release|Any CPU
		{7572F04C-6DC8-4D26-BB3F-F2DAF8C83EBB}.Ad-Hoc|Any CPU.ActiveCfg = Debug|Any CPU
		{7572F04C-6DC8-4D26-BB3F-F2DAF8C83EBB}.Ad-Hoc|Any CPU.Build.0 = Debug|Any CPU
		{7572F04C-6DC8-4D26-BB3F-F2DAF8C83EBB}.Ad-Hoc|ARM.ActiveCfg = Debug|Any CPU
		{7572F04C-6DC8-4D26-BB3F-F2DAF8C83EBB}.Ad-Hoc|ARM.Build.0 = Debug|Any CPU
		{7572F04C-6DC8-4D26-BB3F-F2DAF8C83EBB}.Ad-Hoc|iPhone.ActiveCfg = Debug|Any CPU
		{7572F04C-6DC8-4D26-BB3F-F2DAF8C83EBB}.Ad-Hoc|iPhone.Build.0 = Debug|Any CPU
		{7572F04C-6DC8-4D26-BB3F-F2DAF8C83EBB}.Ad-Hoc|iPhoneSimulator.ActiveCfg = Debug|Any CPU
		{7572F04C-6DC8-4D26-BB3F-F2DAF8C83EBB}.Ad-Hoc|iPhoneSimulator.Build.0 = Debug|Any CPU
		{7572F04C-6DC8-4D26-BB3F-F2DAF8C83EBB}.Ad-Hoc|x64.ActiveCfg = Debug|Any CPU
		{7572F04C-6DC8-4D26-BB3F-F2DAF8C83EBB}.Ad-Hoc|x64.Build.0 = Debug|Any CPU
		{7572F04C-6DC8-4D26-BB3F-F2DAF8C83EBB}.Ad-Hoc|x86.ActiveCfg = Debug|Any CPU
		{7572F04C-6DC8-4D26-BB3F-F2DAF8C83EBB}.Ad-Hoc|x86.Build.0 = Debug|Any CPU
		{7572F04C-6DC8-4D26-BB3F-F2DAF8C83EBB}.AppStore|Any CPU.ActiveCfg = Debug|Any CPU
		{7572F04C-6DC8-4D26-BB3F-F2DAF8C83EBB}.AppStore|Any CPU.Build.0 = Debug|Any CPU
		{7572F04C-6DC8-4D26-BB3F-F2DAF8C83EBB}.AppStore|ARM.ActiveCfg = Debug|Any CPU
		{7572F04C-6DC8-4D26-BB3F-F2DAF8C83EBB}.AppStore|ARM.Build.0 = Debug|Any CPU
		{7572F04C-6DC8-4D26-BB3F-F2DAF8C83EBB}.AppStore|iPhone.ActiveCfg = Debug|Any CPU
		{7572F04C-6DC8-4D26-BB3F-F2DAF8C83EBB}.AppStore|iPhone.Build.0 = Debug|Any CPU
		{7572F04C-6DC8-4D26-BB3F-F2DAF8C83EBB}.AppStore|iPhoneSimulator.ActiveCfg = Debug|Any CPU
		{7572F04C-6DC8-4D26-BB3F-F2DAF8C83EBB}.AppStore|iPhoneSimulator.Build.0 = Debug|Any CPU
		{7572F04C-6DC8-4D26-BB3F-F2DAF8C83EBB}.AppStore|x64.ActiveCfg = Debug|Any CPU
		{7572F04C-6DC8-4D26-BB3F-F2DAF8C83EBB}.AppStore|x64.Build.0 = Debug|Any CPU
		{7572F04C-6DC8-4D26-BB3F-F2DAF8C83EBB}.AppStore|x86.ActiveCfg = Debug|Any CPU
		{7572F04C-6DC8-4D26-BB3F-F2DAF8C83EBB}.AppStore|x86.Build.0 = Debug|Any CPU
		{7572F04C-6DC8-4D26-BB3F-F2DAF8C83EBB}.Debug|Any CPU.ActiveCfg = Debug|Any CPU
		{7572F04C-6DC8-4D26-BB3F-F2DAF8C83EBB}.Debug|Any CPU.Build.0 = Debug|Any CPU
		{7572F04C-6DC8-4D26-BB3F-F2DAF8C83EBB}.Debug|ARM.ActiveCfg = Debug|Any CPU
		{7572F04C-6DC8-4D26-BB3F-F2DAF8C83EBB}.Debug|ARM.Build.0 = Debug|Any CPU
		{7572F04C-6DC8-4D26-BB3F-F2DAF8C83EBB}.Debug|iPhone.ActiveCfg = Debug|Any CPU
		{7572F04C-6DC8-4D26-BB3F-F2DAF8C83EBB}.Debug|iPhone.Build.0 = Debug|Any CPU
		{7572F04C-6DC8-4D26-BB3F-F2DAF8C83EBB}.Debug|iPhoneSimulator.ActiveCfg = Debug|Any CPU
		{7572F04C-6DC8-4D26-BB3F-F2DAF8C83EBB}.Debug|iPhoneSimulator.Build.0 = Debug|Any CPU
		{7572F04C-6DC8-4D26-BB3F-F2DAF8C83EBB}.Debug|x64.ActiveCfg = Debug|Any CPU
		{7572F04C-6DC8-4D26-BB3F-F2DAF8C83EBB}.Debug|x64.Build.0 = Debug|Any CPU
		{7572F04C-6DC8-4D26-BB3F-F2DAF8C83EBB}.Debug|x86.ActiveCfg = Debug|Any CPU
		{7572F04C-6DC8-4D26-BB3F-F2DAF8C83EBB}.Debug|x86.Build.0 = Debug|Any CPU
		{7572F04C-6DC8-4D26-BB3F-F2DAF8C83EBB}.Release|Any CPU.ActiveCfg = Release|Any CPU
		{7572F04C-6DC8-4D26-BB3F-F2DAF8C83EBB}.Release|Any CPU.Build.0 = Release|Any CPU
		{7572F04C-6DC8-4D26-BB3F-F2DAF8C83EBB}.Release|ARM.ActiveCfg = Release|Any CPU
		{7572F04C-6DC8-4D26-BB3F-F2DAF8C83EBB}.Release|ARM.Build.0 = Release|Any CPU
		{7572F04C-6DC8-4D26-BB3F-F2DAF8C83EBB}.Release|iPhone.ActiveCfg = Release|Any CPU
		{7572F04C-6DC8-4D26-BB3F-F2DAF8C83EBB}.Release|iPhone.Build.0 = Release|Any CPU
		{7572F04C-6DC8-4D26-BB3F-F2DAF8C83EBB}.Release|iPhoneSimulator.ActiveCfg = Release|Any CPU
		{7572F04C-6DC8-4D26-BB3F-F2DAF8C83EBB}.Release|iPhoneSimulator.Build.0 = Release|Any CPU
		{7572F04C-6DC8-4D26-BB3F-F2DAF8C83EBB}.Release|x64.ActiveCfg = Release|Any CPU
		{7572F04C-6DC8-4D26-BB3F-F2DAF8C83EBB}.Release|x64.Build.0 = Release|Any CPU
		{7572F04C-6DC8-4D26-BB3F-F2DAF8C83EBB}.Release|x86.ActiveCfg = Release|Any CPU
		{7572F04C-6DC8-4D26-BB3F-F2DAF8C83EBB}.Release|x86.Build.0 = Release|Any CPU
	EndGlobalSection
	GlobalSection(SolutionProperties) = preSolution
		HideSolutionNode = FALSE
	EndGlobalSection
	GlobalSection(ExtensibilityGlobals) = postSolution
		SolutionGuid = {F6D05029-56B8-4E45-AF2D-0E76295DDBA2}
	EndGlobalSection
EndGlobal
